// !$*UTF8*$!
{
	archiveVersion = 1;
	classes = {
	};
	objectVersion = 46;
	objects = {

/* Begin PBXBuildFile section */
		327E855E1CF66B2A00A3FBE0 /* AppDelegate.swift in Sources */ = {isa = PBXBuildFile; fileRef = 327E855D1CF66B2A00A3FBE0 /* AppDelegate.swift */; };
		327E85601CF66B2A00A3FBE0 /* ViewController.swift in Sources */ = {isa = PBXBuildFile; fileRef = 327E855F1CF66B2A00A3FBE0 /* ViewController.swift */; };
		327E85631CF66B2A00A3FBE0 /* Main.storyboard in Resources */ = {isa = PBXBuildFile; fileRef = 327E85611CF66B2A00A3FBE0 /* Main.storyboard */; };
		327E85651CF66B2A00A3FBE0 /* Assets.xcassets in Resources */ = {isa = PBXBuildFile; fileRef = 327E85641CF66B2A00A3FBE0 /* Assets.xcassets */; };
		327E85681CF66B2A00A3FBE0 /* LaunchScreen.storyboard in Resources */ = {isa = PBXBuildFile; fileRef = 327E85661CF66B2A00A3FBE0 /* LaunchScreen.storyboard */; };
		327E85731CF66B2B00A3FBE0 /* test2Tests.swift in Sources */ = {isa = PBXBuildFile; fileRef = 327E85721CF66B2B00A3FBE0 /* test2Tests.swift */; };
		327E857E1CF66B2B00A3FBE0 /* test2UITests.swift in Sources */ = {isa = PBXBuildFile; fileRef = 327E857D1CF66B2B00A3FBE0 /* test2UITests.swift */; };
		327E858E1CF679A900A3FBE0 /* CurrentOrderVC.swift in Sources */ = {isa = PBXBuildFile; fileRef = 327E858D1CF679A900A3FBE0 /* CurrentOrderVC.swift */; };
		327E85931CF67A4500A3FBE0 /* MaterialButton.swift in Sources */ = {isa = PBXBuildFile; fileRef = 327E85921CF67A4500A3FBE0 /* MaterialButton.swift */; };
		327E85951CF67A7900A3FBE0 /* MyOrderCell.swift in Sources */ = {isa = PBXBuildFile; fileRef = 327E85941CF67A7900A3FBE0 /* MyOrderCell.swift */; };
/* End PBXBuildFile section */

/* Begin PBXContainerItemProxy section */
		327E856F1CF66B2B00A3FBE0 /* PBXContainerItemProxy */ = {
			isa = PBXContainerItemProxy;
			containerPortal = 327E85521CF66B2A00A3FBE0 /* Project object */;
			proxyType = 1;
			remoteGlobalIDString = 327E85591CF66B2A00A3FBE0;
			remoteInfo = test2;
		};
		327E857A1CF66B2B00A3FBE0 /* PBXContainerItemProxy */ = {
			isa = PBXContainerItemProxy;
			containerPortal = 327E85521CF66B2A00A3FBE0 /* Project object */;
			proxyType = 1;
			remoteGlobalIDString = 327E85591CF66B2A00A3FBE0;
			remoteInfo = test2;
		};
/* End PBXContainerItemProxy section */

/* Begin PBXFileReference section */
		327E855A1CF66B2A00A3FBE0 /* test2.app */ = {isa = PBXFileReference; explicitFileType = wrapper.application; includeInIndex = 0; path = test2.app; sourceTree = BUILT_PRODUCTS_DIR; };
		327E855D1CF66B2A00A3FBE0 /* AppDelegate.swift */ = {isa = PBXFileReference; lastKnownFileType = sourcecode.swift; path = AppDelegate.swift; sourceTree = "<group>"; };
		327E855F1CF66B2A00A3FBE0 /* ViewController.swift */ = {isa = PBXFileReference; lastKnownFileType = sourcecode.swift; path = ViewController.swift; sourceTree = "<group>"; };
		327E85621CF66B2A00A3FBE0 /* Base */ = {isa = PBXFileReference; lastKnownFileType = file.storyboard; name = Base; path = Base.lproj/Main.storyboard; sourceTree = "<group>"; };
		327E85641CF66B2A00A3FBE0 /* Assets.xcassets */ = {isa = PBXFileReference; lastKnownFileType = folder.assetcatalog; path = Assets.xcassets; sourceTree = "<group>"; };
		327E85671CF66B2A00A3FBE0 /* Base */ = {isa = PBXFileReference; lastKnownFileType = file.storyboard; name = Base; path = Base.lproj/LaunchScreen.storyboard; sourceTree = "<group>"; };
		327E85691CF66B2A00A3FBE0 /* Info.plist */ = {isa = PBXFileReference; lastKnownFileType = text.plist.xml; path = Info.plist; sourceTree = "<group>"; };
		327E856E1CF66B2A00A3FBE0 /* test2Tests.xctest */ = {isa = PBXFileReference; explicitFileType = wrapper.cfbundle; includeInIndex = 0; path = test2Tests.xctest; sourceTree = BUILT_PRODUCTS_DIR; };
		327E85721CF66B2B00A3FBE0 /* test2Tests.swift */ = {isa = PBXFileReference; lastKnownFileType = sourcecode.swift; path = test2Tests.swift; sourceTree = "<group>"; };
		327E85741CF66B2B00A3FBE0 /* Info.plist */ = {isa = PBXFileReference; lastKnownFileType = text.plist.xml; path = Info.plist; sourceTree = "<group>"; };
		327E85791CF66B2B00A3FBE0 /* test2UITests.xctest */ = {isa = PBXFileReference; explicitFileType = wrapper.cfbundle; includeInIndex = 0; path = test2UITests.xctest; sourceTree = BUILT_PRODUCTS_DIR; };
		327E857D1CF66B2B00A3FBE0 /* test2UITests.swift */ = {isa = PBXFileReference; lastKnownFileType = sourcecode.swift; path = test2UITests.swift; sourceTree = "<group>"; };
		327E857F1CF66B2B00A3FBE0 /* Info.plist */ = {isa = PBXFileReference; lastKnownFileType = text.plist.xml; path = Info.plist; sourceTree = "<group>"; };
		327E858D1CF679A900A3FBE0 /* CurrentOrderVC.swift */ = {isa = PBXFileReference; fileEncoding = 4; lastKnownFileType = sourcecode.swift; path = CurrentOrderVC.swift; sourceTree = "<group>"; };
		327E85921CF67A4500A3FBE0 /* MaterialButton.swift */ = {isa = PBXFileReference; fileEncoding = 4; lastKnownFileType = sourcecode.swift; path = MaterialButton.swift; sourceTree = "<group>"; };
		327E85941CF67A7900A3FBE0 /* MyOrderCell.swift */ = {isa = PBXFileReference; fileEncoding = 4; lastKnownFileType = sourcecode.swift; path = MyOrderCell.swift; sourceTree = "<group>"; };
/* End PBXFileReference section */

/* Begin PBXFrameworksBuildPhase section */
		327E85571CF66B2A00A3FBE0 /* Frameworks */ = {
			isa = PBXFrameworksBuildPhase;
			buildActionMask = 2147483647;
			files = (
			);
			runOnlyForDeploymentPostprocessing = 0;
		};
		327E856B1CF66B2A00A3FBE0 /* Frameworks */ = {
			isa = PBXFrameworksBuildPhase;
			buildActionMask = 2147483647;
			files = (
			);
			runOnlyForDeploymentPostprocessing = 0;
		};
		327E85761CF66B2B00A3FBE0 /* Frameworks */ = {
			isa = PBXFrameworksBuildPhase;
			buildActionMask = 2147483647;
			files = (
			);
			runOnlyForDeploymentPostprocessing = 0;
		};
/* End PBXFrameworksBuildPhase section */

/* Begin PBXGroup section */
		327E85511CF66B2A00A3FBE0 = {
			isa = PBXGroup;
			children = (
				327E855C1CF66B2A00A3FBE0 /* test2 */,
				327E85711CF66B2B00A3FBE0 /* test2Tests */,
				327E857C1CF66B2B00A3FBE0 /* test2UITests */,
				327E855B1CF66B2A00A3FBE0 /* Products */,
			);
			sourceTree = "<group>";
		};
		327E855B1CF66B2A00A3FBE0 /* Products */ = {
			isa = PBXGroup;
			children = (
				327E855A1CF66B2A00A3FBE0 /* test2.app */,
				327E856E1CF66B2A00A3FBE0 /* test2Tests.xctest */,
				327E85791CF66B2B00A3FBE0 /* test2UITests.xctest */,
			);
			name = Products;
			sourceTree = "<group>";
		};
		327E855C1CF66B2A00A3FBE0 /* test2 */ = {
			isa = PBXGroup;
			children = (
				327E855D1CF66B2A00A3FBE0 /* AppDelegate.swift */,
				327E855F1CF66B2A00A3FBE0 /* ViewController.swift */,
				327E85611CF66B2A00A3FBE0 /* Main.storyboard */,
				327E858D1CF679A900A3FBE0 /* CurrentOrderVC.swift */,
				327E85941CF67A7900A3FBE0 /* MyOrderCell.swift */,
				327E85921CF67A4500A3FBE0 /* MaterialButton.swift */,
				327E85641CF66B2A00A3FBE0 /* Assets.xcassets */,
				327E85661CF66B2A00A3FBE0 /* LaunchScreen.storyboard */,
				327E85691CF66B2A00A3FBE0 /* Info.plist */,
			);
			path = test2;
			sourceTree = "<group>";
		};
		327E85711CF66B2B00A3FBE0 /* test2Tests */ = {
			isa = PBXGroup;
			children = (
				327E85721CF66B2B00A3FBE0 /* test2Tests.swift */,
				327E85741CF66B2B00A3FBE0 /* Info.plist */,
			);
			path = test2Tests;
			sourceTree = "<group>";
		};
		327E857C1CF66B2B00A3FBE0 /* test2UITests */ = {
			isa = PBXGroup;
			children = (
				327E857D1CF66B2B00A3FBE0 /* test2UITests.swift */,
				327E857F1CF66B2B00A3FBE0 /* Info.plist */,
			);
			path = test2UITests;
			sourceTree = "<group>";
		};
/* End PBXGroup section */

/* Begin PBXNativeTarget section */
		327E85591CF66B2A00A3FBE0 /* test2 */ = {
			isa = PBXNativeTarget;
			buildConfigurationList = 327E85821CF66B2B00A3FBE0 /* Build configuration list for PBXNativeTarget "test2" */;
			buildPhases = (
				327E85561CF66B2A00A3FBE0 /* Sources */,
				327E85571CF66B2A00A3FBE0 /* Frameworks */,
				327E85581CF66B2A00A3FBE0 /* Resources */,
			);
			buildRules = (
			);
			dependencies = (
			);
			name = test2;
			productName = test2;
			productReference = 327E855A1CF66B2A00A3FBE0 /* test2.app */;
			productType = "com.apple.product-type.application";
		};
		327E856D1CF66B2A00A3FBE0 /* test2Tests */ = {
			isa = PBXNativeTarget;
			buildConfigurationList = 327E85851CF66B2B00A3FBE0 /* Build configuration list for PBXNativeTarget "test2Tests" */;
			buildPhases = (
				327E856A1CF66B2A00A3FBE0 /* Sources */,
				327E856B1CF66B2A00A3FBE0 /* Frameworks */,
				327E856C1CF66B2A00A3FBE0 /* Resources */,
			);
			buildRules = (
			);
			dependencies = (
				327E85701CF66B2B00A3FBE0 /* PBXTargetDependency */,
			);
			name = test2Tests;
			productName = test2Tests;
			productReference = 327E856E1CF66B2A00A3FBE0 /* test2Tests.xctest */;
			productType = "com.apple.product-type.bundle.unit-test";
		};
		327E85781CF66B2B00A3FBE0 /* test2UITests */ = {
			isa = PBXNativeTarget;
			buildConfigurationList = 327E85881CF66B2B00A3FBE0 /* Build configuration list for PBXNativeTarget "test2UITests" */;
			buildPhases = (
				327E85751CF66B2B00A3FBE0 /* Sources */,
				327E85761CF66B2B00A3FBE0 /* Frameworks */,
				327E85771CF66B2B00A3FBE0 /* Resources */,
			);
			buildRules = (
			);
			dependencies = (
				327E857B1CF66B2B00A3FBE0 /* PBXTargetDependency */,
			);
			name = test2UITests;
			productName = test2UITests;
			productReference = 327E85791CF66B2B00A3FBE0 /* test2UITests.xctest */;
			productType = "com.apple.product-type.bundle.ui-testing";
		};
/* End PBXNativeTarget section */

/* Begin PBXProject section */
		327E85521CF66B2A00A3FBE0 /* Project object */ = {
			isa = PBXProject;
			attributes = {
				LastSwiftUpdateCheck = 0730;
				LastUpgradeCheck = 0730;
				ORGANIZATIONNAME = mhtran;
				TargetAttributes = {
					327E85591CF66B2A00A3FBE0 = {
						CreatedOnToolsVersion = 7.3;
					};
					327E856D1CF66B2A00A3FBE0 = {
						CreatedOnToolsVersion = 7.3;
						TestTargetID = 327E85591CF66B2A00A3FBE0;
					};
					327E85781CF66B2B00A3FBE0 = {
						CreatedOnToolsVersion = 7.3;
						TestTargetID = 327E85591CF66B2A00A3FBE0;
					};
				};
			};
			buildConfigurationList = 327E85551CF66B2A00A3FBE0 /* Build configuration list for PBXProject "test2" */;
			compatibilityVersion = "Xcode 3.2";
			developmentRegion = English;
			hasScannedForEncodings = 0;
			knownRegions = (
				en,
				Base,
			);
			mainGroup = 327E85511CF66B2A00A3FBE0;
			productRefGroup = 327E855B1CF66B2A00A3FBE0 /* Products */;
			projectDirPath = "";
			projectRoot = "";
			targets = (
				327E85591CF66B2A00A3FBE0 /* test2 */,
				327E856D1CF66B2A00A3FBE0 /* test2Tests */,
				327E85781CF66B2B00A3FBE0 /* test2UITests */,
			);
		};
/* End PBXProject section */

/* Begin PBXResourcesBuildPhase section */
		327E85581CF66B2A00A3FBE0 /* Resources */ = {
			isa = PBXResourcesBuildPhase;
			buildActionMask = 2147483647;
			files = (
				327E85681CF66B2A00A3FBE0 /* LaunchScreen.storyboard in Resources */,
				327E85651CF66B2A00A3FBE0 /* Assets.xcassets in Resources */,
				327E85631CF66B2A00A3FBE0 /* Main.storyboard in Resources */,
			);
			runOnlyForDeploymentPostprocessing = 0;
		};
		327E856C1CF66B2A00A3FBE0 /* Resources */ = {
			isa = PBXResourcesBuildPhase;
			buildActionMask = 2147483647;
			files = (
			);
			runOnlyForDeploymentPostprocessing = 0;
		};
		327E85771CF66B2B00A3FBE0 /* Resources */ = {
			isa = PBXResourcesBuildPhase;
			buildActionMask = 2147483647;
			files = (
			);
			runOnlyForDeploymentPostprocessing = 0;
		};
/* End PBXResourcesBuildPhase section */

/* Begin PBXSourcesBuildPhase section */
		327E85561CF66B2A00A3FBE0 /* Sources */ = {
			isa = PBXSourcesBuildPhase;
			buildActionMask = 2147483647;
			files = (
				327E85601CF66B2A00A3FBE0 /* ViewController.swift in Sources */,
				327E855E1CF66B2A00A3FBE0 /* AppDelegate.swift in Sources */,
				327E85951CF67A7900A3FBE0 /* MyOrderCell.swift in Sources */,
				327E85931CF67A4500A3FBE0 /* MaterialButton.swift in Sources */,
				327E858E1CF679A900A3FBE0 /* CurrentOrderVC.swift in Sources */,
			);
			runOnlyForDeploymentPostprocessing = 0;
		};
		327E856A1CF66B2A00A3FBE0 /* Sources */ = {
			isa = PBXSourcesBuildPhase;
			buildActionMask = 2147483647;
			files = (
				327E85731CF66B2B00A3FBE0 /* test2Tests.swift in Sources */,
			);
			runOnlyForDeploymentPostprocessing = 0;
		};
		327E85751CF66B2B00A3FBE0 /* Sources */ = {
			isa = PBXSourcesBuildPhase;
			buildActionMask = 2147483647;
			files = (
				327E857E1CF66B2B00A3FBE0 /* test2UITests.swift in Sources */,
			);
			runOnlyForDeploymentPostprocessing = 0;
		};
/* End PBXSourcesBuildPhase section */

/* Begin PBXTargetDependency section */
		327E85701CF66B2B00A3FBE0 /* PBXTargetDependency */ = {
			isa = PBXTargetDependency;
			target = 327E85591CF66B2A00A3FBE0 /* test2 */;
			targetProxy = 327E856F1CF66B2B00A3FBE0 /* PBXContainerItemProxy */;
		};
		327E857B1CF66B2B00A3FBE0 /* PBXTargetDependency */ = {
			isa = PBXTargetDependency;
			target = 327E85591CF66B2A00A3FBE0 /* test2 */;
			targetProxy = 327E857A1CF66B2B00A3FBE0 /* PBXContainerItemProxy */;
		};
/* End PBXTargetDependency section */

/* Begin PBXVariantGroup section */
		327E85611CF66B2A00A3FBE0 /* Main.storyboard */ = {
			isa = PBXVariantGroup;
			children = (
				327E85621CF66B2A00A3FBE0 /* Base */,
			);
			name = Main.storyboard;
			sourceTree = "<group>";
		};
		327E85661CF66B2A00A3FBE0 /* LaunchScreen.storyboard */ = {
			isa = PBXVariantGroup;
			children = (
				327E85671CF66B2A00A3FBE0 /* Base */,
			);
			name = LaunchScreen.storyboard;
			sourceTree = "<group>";
		};
/* End PBXVariantGroup section */

/* Begin XCBuildConfiguration section */
		327E85801CF66B2B00A3FBE0 /* Debug */ = {
			isa = XCBuildConfiguration;
			buildSettings = {
				ALWAYS_SEARCH_USER_PATHS = NO;
				CLANG_ANALYZER_NONNULL = YES;
				CLANG_CXX_LANGUAGE_STANDARD = "gnu++0x";
				CLANG_CXX_LIBRARY = "libc++";
				CLANG_ENABLE_MODULES = YES;
				CLANG_ENABLE_OBJC_ARC = YES;
				CLANG_WARN_BOOL_CONVERSION = YES;
				CLANG_WARN_CONSTANT_CONVERSION = YES;
				CLANG_WARN_DIRECT_OBJC_ISA_USAGE = YES_ERROR;
				CLANG_WARN_EMPTY_BODY = YES;
				CLANG_WARN_ENUM_CONVERSION = YES;
				CLANG_WARN_INT_CONVERSION = YES;
				CLANG_WARN_OBJC_ROOT_CLASS = YES_ERROR;
				CLANG_WARN_UNREACHABLE_CODE = YES;
				CLANG_WARN__DUPLICATE_METHOD_MATCH = YES;
				"CODE_SIGN_IDENTITY[sdk=iphoneos*]" = "iPhone Developer";
				COPY_PHASE_STRIP = NO;
				DEBUG_INFORMATION_FORMAT = dwarf;
				ENABLE_STRICT_OBJC_MSGSEND = YES;
				ENABLE_TESTABILITY = YES;
				GCC_C_LANGUAGE_STANDARD = gnu99;
				GCC_DYNAMIC_NO_PIC = NO;
				GCC_NO_COMMON_BLOCKS = YES;
				GCC_OPTIMIZATION_LEVEL = 0;
				GCC_PREPROCESSOR_DEFINITIONS = (
					"DEBUG=1",
					"$(inherited)",
				);
				GCC_WARN_64_TO_32_BIT_CONVERSION = YES;
				GCC_WARN_ABOUT_RETURN_TYPE = YES_ERROR;
				GCC_WARN_UNDECLARED_SELECTOR = YES;
				GCC_WARN_UNINITIALIZED_AUTOS = YES_AGGRESSIVE;
				GCC_WARN_UNUSED_FUNCTION = YES;
				GCC_WARN_UNUSED_VARIABLE = YES;
				IPHONEOS_DEPLOYMENT_TARGET = 9.3;
				MTL_ENABLE_DEBUG_INFO = YES;
				ONLY_ACTIVE_ARCH = YES;
				SDKROOT = iphoneos;
				SWIFT_OPTIMIZATION_LEVEL = "-Onone";
				TARGETED_DEVICE_FAMILY = "1,2";
			};
			name = Debug;
		};
		327E85811CF66B2B00A3FBE0 /* Release */ = {
			isa = XCBuildConfiguration;
			buildSettings = {
				ALWAYS_SEARCH_USER_PATHS = NO;
				CLANG_ANALYZER_NONNULL = YES;
				CLANG_CXX_LANGUAGE_STANDARD = "gnu++0x";
				CLANG_CXX_LIBRARY = "libc++";
				CLANG_ENABLE_MODULES = YES;
				CLANG_ENABLE_OBJC_ARC = YES;
				CLANG_WARN_BOOL_CONVERSION = YES;
				CLANG_WARN_CONSTANT_CONVERSION = YES;
				CLANG_WARN_DIRECT_OBJC_ISA_USAGE = YES_ERROR;
				CLANG_WARN_EMPTY_BODY = YES;
				CLANG_WARN_ENUM_CONVERSION = YES;
				CLANG_WARN_INT_CONVERSION = YES;
				CLANG_WARN_OBJC_ROOT_CLASS = YES_ERROR;
				CLANG_WARN_UNREACHABLE_CODE = YES;
				CLANG_WARN__DUPLICATE_METHOD_MATCH = YES;
				"CODE_SIGN_IDENTITY[sdk=iphoneos*]" = "iPhone Developer";
				COPY_PHASE_STRIP = NO;
				DEBUG_INFORMATION_FORMAT = "dwarf-with-dsym";
				ENABLE_NS_ASSERTIONS = NO;
				ENABLE_STRICT_OBJC_MSGSEND = YES;
				GCC_C_LANGUAGE_STANDARD = gnu99;
				GCC_NO_COMMON_BLOCKS = YES;
				GCC_WARN_64_TO_32_BIT_CONVERSION = YES;
				GCC_WARN_ABOUT_RETURN_TYPE = YES_ERROR;
				GCC_WARN_UNDECLARED_SELECTOR = YES;
				GCC_WARN_UNINITIALIZED_AUTOS = YES_AGGRESSIVE;
				GCC_WARN_UNUSED_FUNCTION = YES;
				GCC_WARN_UNUSED_VARIABLE = YES;
				IPHONEOS_DEPLOYMENT_TARGET = 9.3;
				MTL_ENABLE_DEBUG_INFO = NO;
				SDKROOT = iphoneos;
				TARGETED_DEVICE_FAMILY = "1,2";
				VALIDATE_PRODUCT = YES;
			};
			name = Release;
		};
		327E85831CF66B2B00A3FBE0 /* Debug */ = {
			isa = XCBuildConfiguration;
			buildSettings = {
				ASSETCATALOG_COMPILER_APPICON_NAME = AppIcon;
				INFOPLIST_FILE = test2/Info.plist;
				LD_RUNPATH_SEARCH_PATHS = "$(inherited) @executable_path/Frameworks";
				PRODUCT_BUNDLE_IDENTIFIER = www.hoangmanhtran.com.test2;
				PRODUCT_NAME = "$(TARGET_NAME)";
			};
			name = Debug;
		};
		327E85841CF66B2B00A3FBE0 /* Release */ = {
			isa = XCBuildConfiguration;
			buildSettings = {
				ASSETCATALOG_COMPILER_APPICON_NAME = AppIcon;
				INFOPLIST_FILE = test2/Info.plist;
				LD_RUNPATH_SEARCH_PATHS = "$(inherited) @executable_path/Frameworks";
				PRODUCT_BUNDLE_IDENTIFIER = www.hoangmanhtran.com.test2;
				PRODUCT_NAME = "$(TARGET_NAME)";
			};
			name = Release;
		};
		327E85861CF66B2B00A3FBE0 /* Debug */ = {
			isa = XCBuildConfiguration;
			buildSettings = {
				BUNDLE_LOADER = "$(TEST_HOST)";
				INFOPLIST_FILE = test2Tests/Info.plist;
				LD_RUNPATH_SEARCH_PATHS = "$(inherited) @executable_path/Frameworks @loader_path/Frameworks";
				PRODUCT_BUNDLE_IDENTIFIER = www.hoangmanhtran.com.test2Tests;
				PRODUCT_NAME = "$(TARGET_NAME)";
				TEST_HOST = "$(BUILT_PRODUCTS_DIR)/test2.app/test2";
			};
			name = Debug;
		};
		327E85871CF66B2B00A3FBE0 /* Release */ = {
			isa = XCBuildConfiguration;
			buildSettings = {
				BUNDLE_LOADER = "$(TEST_HOST)";
				INFOPLIST_FILE = test2Tests/Info.plist;
				LD_RUNPATH_SEARCH_PATHS = "$(inherited) @executable_path/Frameworks @loader_path/Frameworks";
				PRODUCT_BUNDLE_IDENTIFIER = www.hoangmanhtran.com.test2Tests;
				PRODUCT_NAME = "$(TARGET_NAME)";
				TEST_HOST = "$(BUILT_PRODUCTS_DIR)/test2.app/test2";
			};
			name = Release;
		};
		327E85891CF66B2B00A3FBE0 /* Debug */ = {
			isa = XCBuildConfiguration;
			buildSettings = {
				INFOPLIST_FILE = test2UITests/Info.plist;
				LD_RUNPATH_SEARCH_PATHS = "$(inherited) @executable_path/Frameworks @loader_path/Frameworks";
				PRODUCT_BUNDLE_IDENTIFIER = www.hoangmanhtran.com.test2UITests;
				PRODUCT_NAME = "$(TARGET_NAME)";
				TEST_TARGET_NAME = test2;
			};
			name = Debug;
		};
		327E858A1CF66B2B00A3FBE0 /* Release */ = {
			isa = XCBuildConfiguration;
			buildSettings = {
				INFOPLIST_FILE = test2UITests/Info.plist;
				LD_RUNPATH_SEARCH_PATHS = "$(inherited) @executable_path/Frameworks @loader_path/Frameworks";
				PRODUCT_BUNDLE_IDENTIFIER = www.hoangmanhtran.com.test2UITests;
				PRODUCT_NAME = "$(TARGET_NAME)";
				TEST_TARGET_NAME = test2;
			};
			name = Release;
		};
/* End XCBuildConfiguration section */

/* Begin XCConfigurationList section */
		327E85551CF66B2A00A3FBE0 /* Build configuration list for PBXProject "test2" */ = {
			isa = XCConfigurationList;
			buildConfigurations = (
				327E85801CF66B2B00A3FBE0 /* Debug */,
				327E85811CF66B2B00A3FBE0 /* Release */,
			);
			defaultConfigurationIsVisible = 0;
			defaultConfigurationName = Release;
		};
		327E85821CF66B2B00A3FBE0 /* Build configuration list for PBXNativeTarget "test2" */ = {
			isa = XCConfigurationList;
			buildConfigurations = (
				327E85831CF66B2B00A3FBE0 /* Debug */,
				327E85841CF66B2B00A3FBE0 /* Release */,
			);
			defaultConfigurationIsVisible = 0;
			defaultConfigurationName = Release;
		};
		327E85851CF66B2B00A3FBE0 /* Build configuration list for PBXNativeTarget "test2Tests" */ = {
			isa = XCConfigurationList;
			buildConfigurations = (
				327E85861CF66B2B00A3FBE0 /* Debug */,
				327E85871CF66B2B00A3FBE0 /* Release */,
			);
			defaultConfigurationIsVisible = 0;
			defaultConfigurationName = Release;
		};
		327E85881CF66B2B00A3FBE0 /* Build configuration list for PBXNativeTarget "test2UITests" */ = {
			isa = XCConfigurationList;
			buildConfigurations = (
				327E85891CF66B2B00A3FBE0 /* Debug */,
				327E858A1CF66B2B00A3FBE0 /* Release */,
			);
			defaultConfigurationIsVisible = 0;
			defaultConfigurationName = Release;
		};
/* End XCConfigurationList section */
	};
	rootObject = 327E85521CF66B2A00A3FBE0 /* Project object */;
}
